
Microsoft Visual Studio Solution File, Format Version 11.00
# Visual Studio 2010
Project("{FAE04EC0-301F-11D3-BF4B-00C04F79EFBC}") = "AntiVirusDroid", "AntiVirusDroid\AntiVirusDroid.csproj", "{26B87DA6-6F4A-481F-9C3A-E32DD1BF4680}"
EndProject
Global
	GlobalSection(SolutionConfigurationPlatforms) = preSolution
		Debug|Any CPU = Debug|Any CPU
		Release|Any CPU = Release|Any CPU
	EndGlobalSection
	GlobalSection(ProjectConfigurationPlatforms) = postSolution
		{26B87DA6-6F4A-481F-9C3A-E32DD1BF4680}.Debug|Any CPU.ActiveCfg = Debug|Any CPU
		{26B87DA6-6F4A-481F-9C3A-E32DD1BF4680}.Debug|Any CPU.Build.0 = Debug|Any CPU
		{26B87DA6-6F4A-481F-9C3A-E32DD1BF4680}.Debug|Any CPU.Deploy.0 = Debug|Any CPU
		{26B87DA6-6F4A-481F-9C3A-E32DD1BF4680}.Release|Any CPU.ActiveCfg = Release|Any CPU
		{26B87DA6-6F4A-481F-9C3A-E32DD1BF4680}.Release|Any CPU.Build.0 = Release|Any CPU
	EndGlobalSection
	GlobalSection(SolutionProperties) = preSolution
		HideSolutionNode = FALSE
	EndGlobalSection
	GlobalSection(MonoDevelopProperties) = preSolution
		StartupItem = AntiVirusDroid\AntiVirusDroid.csproj
	EndGlobalSection
EndGlobal
